
Microsoft Visual Studio Solution File, Format Version 12.00
# Visual Studio Version 17
VisualStudioVersion = 17.4.33122.133
MinimumVisualStudioVersion = 10.0.40219.1
Project("{FAE04EC0-301F-11D3-BF4B-00C04F79EFBC}") = "AzFunctions", "AzFunctions\AzFunctions.csproj", "{B8F961B2-0C7F-4CFF-B902-AD3C5D0C6354}"
EndProject
Global
	GlobalSection(SolutionConfigurationPlatforms) = preSolution
		Debug|Any CPU = Debug|Any CPU
		Release|Any CPU = Release|Any CPU
	EndGlobalSection
	GlobalSection(ProjectConfigurationPlatforms) = postSolution
		{B8F961B2-0C7F-4CFF-B902-AD3C5D0C6354}.Debug|Any CPU.ActiveCfg = Debug|Any CPU
		{B8F961B2-0C7F-4CFF-B902-AD3C5D0C6354}.Debug|Any CPU.Build.0 = Debug|Any CPU
		{B8F961B2-0C7F-4CFF-B902-AD3C5D0C6354}.Release|Any CPU.ActiveCfg = Release|Any CPU
		{B8F961B2-0C7F-4CFF-B902-AD3C5D0C6354}.Release|Any CPU.Build.0 = Release|Any CPU
	EndGlobalSection
	GlobalSection(SolutionProperties) = preSolution
		HideSolutionNode = FALSE
	EndGlobalSection
	GlobalSection(ExtensibilityGlobals) = postSolution
		SolutionGuid = {13B093F7-6A62-46BA-BCFA-57F3967089BE}
	EndGlobalSection
EndGlobal
