
Microsoft Visual Studio Solution File, Format Version 12.00
# Visual Studio Version 17
VisualStudioVersion = 17.0.32112.339
MinimumVisualStudioVersion = 10.0.40219.1
Project("{FAE04EC0-301F-11D3-BF4B-00C04F79EFBC}") = "api", "api\api.csproj", "{558C3D4D-2622-4014-82BC-0799CB7AA3B0}"
EndProject
Global
	GlobalSection(SolutionConfigurationPlatforms) = preSolution
		Debug|Any CPU = Debug|Any CPU
		Release|Any CPU = Release|Any CPU
	EndGlobalSection
	GlobalSection(ProjectConfigurationPlatforms) = postSolution
		{558C3D4D-2622-4014-82BC-0799CB7AA3B0}.Debug|Any CPU.ActiveCfg = Debug|Any CPU
		{558C3D4D-2622-4014-82BC-0799CB7AA3B0}.Debug|Any CPU.Build.0 = Debug|Any CPU
		{558C3D4D-2622-4014-82BC-0799CB7AA3B0}.Release|Any CPU.ActiveCfg = Release|Any CPU
		{558C3D4D-2622-4014-82BC-0799CB7AA3B0}.Release|Any CPU.Build.0 = Release|Any CPU
	EndGlobalSection
	GlobalSection(SolutionProperties) = preSolution
		HideSolutionNode = FALSE
	EndGlobalSection
	GlobalSection(ExtensibilityGlobals) = postSolution
		SolutionGuid = {14B3C6D3-93B1-4071-8409-609A14765C39}
	EndGlobalSection
EndGlobal
